{
	"name": "editor-src",
	"version": "1.0.0",
	"lockfileVersion": 1,
	"requires": true,
	"dependencies": {
		"snabbdom": {
			"version": "2.1.0",
			"resolved": "https://registry.npmjs.org/snabbdom/-/snabbdom-2.1.0.tgz",
			"integrity": "sha512-3GPeO80A2/bob5ADrkRX8FtvW8kHbJ0aRb4XAN2MIN4bY2dprNJkhp87AgfjWgVhIkwgX9DOsuTLjWwBhMXMkQ=="
		}
	}
}
