{
	"name": "editor-src",
	"version": "1.0.0",
	"lockfileVersion": 1,
	"requires": true,
	"dependencies": {
		"@jsplumb/community": {
			"version": "4.0.0-RC25",
			"resolved": "https://registry.npmjs.org/@jsplumb/community/-/community-4.0.0-RC25.tgz",
			"integrity": "sha512-6prUkBoI5Rs4Fj+a+tsHlAMUzaWMn9dtAbW/UOUdLNXa2N8b7ibwUvcUWopxYjFipRELFOIvj3U7HkSB9LZL0Q=="
		},
		"fs-extra": {
			"version": "8.1.0",
			"resolved": "https://registry.npmjs.org/fs-extra/-/fs-extra-8.1.0.tgz",
			"integrity": "sha512-yhlQgA6mnOJUKOsRUFsgJdQCvkKhcz8tlZG5HBQfReYZy46OwLcY+Zia0mtdHsOo9y/hP+CxMN0TU9QxoOtG4g==",
			"requires": {
				"graceful-fs": "^4.2.0",
				"jsonfile": "^4.0.0",
				"universalify": "^0.1.0"
			}
		},
		"graceful-fs": {
			"version": "4.2.4",
			"resolved": "https://registry.npmjs.org/graceful-fs/-/graceful-fs-4.2.4.tgz",
			"integrity": "sha512-WjKPNJF79dtJAVniUlGGWHYGz2jWxT6VhN/4m1NdkbZ2nOsEF+cI1Edgql5zCRhs/VsQYRvrXctxktVXZUkixw=="
		},
		"jsonfile": {
			"version": "4.0.0",
			"resolved": "https://registry.npmjs.org/jsonfile/-/jsonfile-4.0.0.tgz",
			"integrity": "sha1-h3Gq4HmbZAdrdmQPygWPnBDjPss=",
			"requires": {
				"graceful-fs": "^4.1.6"
			}
		},
		"snabbdom": {
			"version": "2.1.0",
			"resolved": "https://registry.npmjs.org/snabbdom/-/snabbdom-2.1.0.tgz",
			"integrity": "sha512-3GPeO80A2/bob5ADrkRX8FtvW8kHbJ0aRb4XAN2MIN4bY2dprNJkhp87AgfjWgVhIkwgX9DOsuTLjWwBhMXMkQ=="
		},
		"universalify": {
			"version": "0.1.2",
			"resolved": "https://registry.npmjs.org/universalify/-/universalify-0.1.2.tgz",
			"integrity": "sha512-rBJeI5CXAlmy1pV+617WB9J63U6XcazHHF2f2dbJix4XzpUF0RS3Zbj0FGIOCAva5P/d/GBOYaACQ1w+0azUkg=="
		}
	}
}
