{
	"name": "common",
	"version": "0.5.4",
	"lockfileVersion": 1,
	"requires": true,
	"dependencies": {
		"flexsearch": {
			"version": "0.6.32",
			"resolved": "https://registry.npmjs.org/flexsearch/-/flexsearch-0.6.32.tgz",
			"integrity": "sha512-EF1BWkhwoeLtbIlDbY/vDSLBen/E5l/f1Vg7iX5CDymQCamcx1vhlc3tIZxIDplPjgi0jhG37c67idFbjg+v+Q=="
		},
		"snabbdom": {
			"version": "1.0.1",
			"resolved": "https://registry.npmjs.org/snabbdom/-/snabbdom-1.0.1.tgz",
			"integrity": "sha512-0IN32ASHP32FUqIHERW2sS5EPX58NmYPa2bQVGRw9WdSL4t70hhgZ2jqMgtupaqdV3upBMMLfO003IqrDZ99nw=="
		}
	}
}
