{
	"name": "@infosecinnovations/fantastic-active_directory",
	"version": "0.5.5",
	"lockfileVersion": 1,
	"requires": true,
	"dependencies": {
		"abstract-logging": {
			"version": "2.0.1",
			"resolved": "https://registry.npmjs.org/abstract-logging/-/abstract-logging-2.0.1.tgz",
			"integrity": "sha512-2BjRTZxTPvheOvGbBslFSYOUkr+SjPtOnrLP33f+VIWLzezQpZcqVg7ja3L4dBXmzzgwT+a029jRx5PCi3JuiA=="
		},
		"activedirectory2": {
			"version": "2.1.0",
			"resolved": "https://registry.npmjs.org/activedirectory2/-/activedirectory2-2.1.0.tgz",
			"integrity": "sha512-HaccG+/mf5NpHL1mAcLzXed4+gGlO6l7mkBi8vNIo6sTJvLoJjHgvJg12F4cy5CNcRqvPS48++s5tfdSiafn4Q==",
			"requires": {
				"abstract-logging": "^2.0.0",
				"async": "^3.1.0",
				"ldapjs": "^2.1.0",
				"merge-options": "^2.0.0"
			}
		},
		"asn1": {
			"version": "0.2.4",
			"resolved": "https://registry.npmjs.org/asn1/-/asn1-0.2.4.tgz",
			"integrity": "sha512-jxwzQpLQjSmWXgwaCZE9Nz+glAG01yF1QnWgbhGwHI5A6FRIEY6IVqtHhIepHqI7/kyEyQEagBC5mBEFlIYvdg==",
			"requires": {
				"safer-buffer": "~2.1.0"
			}
		},
		"assert-plus": {
			"version": "1.0.0",
			"resolved": "https://registry.npmjs.org/assert-plus/-/assert-plus-1.0.0.tgz",
			"integrity": "sha1-8S4PPF13sLHN2RRpQuTpbB5N1SU="
		},
		"async": {
			"version": "3.2.0",
			"resolved": "https://registry.npmjs.org/async/-/async-3.2.0.tgz",
			"integrity": "sha512-TR2mEZFVOj2pLStYxLht7TyfuRzaydfpxr3k9RpHIzMgw7A64dzsdqCxH1WJyQdoe8T10nDXd9wnEigmiuHIZw=="
		},
		"at-least-node": {
			"version": "1.0.0",
			"resolved": "https://registry.npmjs.org/at-least-node/-/at-least-node-1.0.0.tgz",
			"integrity": "sha512-+q/t7Ekv1EDY2l6Gda6LLiX14rU9TV20Wa3ofeQmwPFZbOMo9DXrLbOjFaaclkXKWidIaopwAObQDqwWtGUjqg=="
		},
		"backoff": {
			"version": "2.5.0",
			"resolved": "https://registry.npmjs.org/backoff/-/backoff-2.5.0.tgz",
			"integrity": "sha1-9hbtqdPktmuMp/ynn2lXIsX44m8=",
			"requires": {
				"precond": "0.2"
			}
		},
		"bindings": {
			"version": "1.5.0",
			"resolved": "https://registry.npmjs.org/bindings/-/bindings-1.5.0.tgz",
			"integrity": "sha512-p2q/t/mhvuOj/UeLlV6566GD/guowlr0hHxClI0W9m7MWYkL1F0hLo+0Aexs9HSPCtR1SXQ0TD3MMKrXZajbiQ==",
			"requires": {
				"file-uri-to-path": "1.0.0"
			}
		},
		"core-util-is": {
			"version": "1.0.2",
			"resolved": "https://registry.npmjs.org/core-util-is/-/core-util-is-1.0.2.tgz",
			"integrity": "sha1-tf1UIgqivFq1eqtxQMlAdUUDwac="
		},
		"extsprintf": {
			"version": "1.4.0",
			"resolved": "https://registry.npmjs.org/extsprintf/-/extsprintf-1.4.0.tgz",
			"integrity": "sha1-4mifjzVvrWLMplo6kcXfX5VRaS8="
		},
		"file-uri-to-path": {
			"version": "1.0.0",
			"resolved": "https://registry.npmjs.org/file-uri-to-path/-/file-uri-to-path-1.0.0.tgz",
			"integrity": "sha512-0Zt+s3L7Vf1biwWZ29aARiVYLx7iMGnEUl9x33fbB/j3jR81u/O2LbqK+Bm1CDSNDKVtJ/YjwY7TUd5SkeLQLw=="
		},
		"fs-extra": {
			"version": "9.0.1",
			"resolved": "https://registry.npmjs.org/fs-extra/-/fs-extra-9.0.1.tgz",
			"integrity": "sha512-h2iAoN838FqAFJY2/qVpzFXy+EBxfVE220PalAqQLDVsFOHLJrZvut5puAbCdNv6WJk+B8ihI+k0c7JK5erwqQ==",
			"requires": {
				"at-least-node": "^1.0.0",
				"graceful-fs": "^4.2.0",
				"jsonfile": "^6.0.1",
				"universalify": "^1.0.0"
			}
		},
		"graceful-fs": {
			"version": "4.2.4",
			"resolved": "https://registry.npmjs.org/graceful-fs/-/graceful-fs-4.2.4.tgz",
			"integrity": "sha512-WjKPNJF79dtJAVniUlGGWHYGz2jWxT6VhN/4m1NdkbZ2nOsEF+cI1Edgql5zCRhs/VsQYRvrXctxktVXZUkixw=="
		},
		"is-plain-obj": {
			"version": "2.1.0",
			"resolved": "https://registry.npmjs.org/is-plain-obj/-/is-plain-obj-2.1.0.tgz",
			"integrity": "sha512-YWnfyRwxL/+SsrWYfOpUtz5b3YD+nyfkHvjbcanzk8zgyO4ASD67uVMRt8k5bM4lLMDnXfriRhOpemw+NfT1eA=="
		},
		"jsonfile": {
			"version": "6.1.0",
			"resolved": "https://registry.npmjs.org/jsonfile/-/jsonfile-6.1.0.tgz",
			"integrity": "sha512-5dgndWOriYSm5cnYaJNhalLNDKOqFwyDB/rr1E9ZsGciGvKPs8R2xYGCacuf3z6K1YKDz182fd+fY3cn3pMqXQ==",
			"requires": {
				"graceful-fs": "^4.1.6",
				"universalify": "^2.0.0"
			},
			"dependencies": {
				"universalify": {
					"version": "2.0.0",
					"resolved": "https://registry.npmjs.org/universalify/-/universalify-2.0.0.tgz",
					"integrity": "sha512-hAZsKq7Yy11Zu1DE0OzWjw7nnLZmJZYTDZZyEFHZdUhV8FkH5MCfoU1XMaxXovpyW5nq5scPqq0ZDP9Zyl04oQ=="
				}
			}
		},
		"ldap-filter": {
			"version": "0.3.3",
			"resolved": "https://registry.npmjs.org/ldap-filter/-/ldap-filter-0.3.3.tgz",
			"integrity": "sha1-KxTGiiqdQQTb28kQocqF/Riel5c=",
			"requires": {
				"assert-plus": "^1.0.0"
			}
		},
		"ldapjs": {
			"version": "2.2.0",
			"resolved": "https://registry.npmjs.org/ldapjs/-/ldapjs-2.2.0.tgz",
			"integrity": "sha512-9+ekbj97nxRYQMRgEm/HYFhFLWSRKah2PnReUfhfM5f62XBeUSFolB+AQ2Jij5tqowpksTnrdNCZLP6C+V3uag==",
			"requires": {
				"abstract-logging": "^2.0.0",
				"asn1": "^0.2.4",
				"assert-plus": "^1.0.0",
				"backoff": "^2.5.0",
				"ldap-filter": "^0.3.3",
				"once": "^1.4.0",
				"vasync": "^2.2.0",
				"verror": "^1.8.1"
			}
		},
		"merge-options": {
			"version": "2.0.0",
			"resolved": "https://registry.npmjs.org/merge-options/-/merge-options-2.0.0.tgz",
			"integrity": "sha512-S7xYIeWHl2ZUKF7SDeBhGg6rfv5bKxVBdk95s/I7wVF8d+hjLSztJ/B271cnUiF6CAFduEQ5Zn3HYwAjT16DlQ==",
			"requires": {
				"is-plain-obj": "^2.0.0"
			}
		},
		"nan": {
			"version": "2.15.0",
			"resolved": "https://registry.npmjs.org/nan/-/nan-2.15.0.tgz",
			"integrity": "sha512-8ZtvEnA2c5aYCZYd1cvgdnU6cqwixRoYg70xPLWUws5ORTa/lnw+u4amixRS/Ac5U5mQVgp9pnlSUnbNWFaWZQ=="
		},
		"once": {
			"version": "1.4.0",
			"resolved": "https://registry.npmjs.org/once/-/once-1.4.0.tgz",
			"integrity": "sha1-WDsap3WWHUsROsF9nFC6753Xa9E=",
			"requires": {
				"wrappy": "1"
			}
		},
		"precond": {
			"version": "0.2.3",
			"resolved": "https://registry.npmjs.org/precond/-/precond-0.2.3.tgz",
			"integrity": "sha1-qpWRvKokkj8eD0hJ0kD0fvwQdaw="
		},
		"safer-buffer": {
			"version": "2.1.2",
			"resolved": "https://registry.npmjs.org/safer-buffer/-/safer-buffer-2.1.2.tgz",
			"integrity": "sha512-YZo3K82SD7Riyi0E1EQPojLz7kpepnSQI9IyPbHHg1XXXevb5dJI7tpyN2ADxGcQbHG7vcyRHk0cbwqcQriUtg=="
		},
		"universalify": {
			"version": "1.0.0",
			"resolved": "https://registry.npmjs.org/universalify/-/universalify-1.0.0.tgz",
			"integrity": "sha512-rb6X1W158d7pRQBg5gkR8uPaSfiids68LTJQYOtEUhoJUWBdaQHsuT/EUduxXYxcrt4r5PJ4fuHW1MHT6p0qug=="
		},
		"vasync": {
			"version": "2.2.0",
			"resolved": "https://registry.npmjs.org/vasync/-/vasync-2.2.0.tgz",
			"integrity": "sha1-z951GGChWCLbOxMrxZsRakra8Bs=",
			"requires": {
				"verror": "1.10.0"
			}
		},
		"verror": {
			"version": "1.10.0",
			"resolved": "https://registry.npmjs.org/verror/-/verror-1.10.0.tgz",
			"integrity": "sha1-OhBcoXBTr1XW4nDB+CiGguGNpAA=",
			"requires": {
				"assert-plus": "^1.0.0",
				"core-util-is": "1.0.2",
				"extsprintf": "^1.2.0"
			}
		},
		"win-dpapi": {
			"version": "1.1.0",
			"resolved": "https://registry.npmjs.org/win-dpapi/-/win-dpapi-1.1.0.tgz",
			"integrity": "sha512-To/B28zKOdm/V3jPMJbh6ByXX8/8cRRsXcediD4jTxzY0yZEEm8MvJ/CxROmwlHZhCSPBpBAxRqGfkkxZHF4pw==",
			"requires": {
				"bindings": "^1.5.0",
				"nan": "^2.14.1"
			}
		},
		"wrappy": {
			"version": "1.0.2",
			"resolved": "https://registry.npmjs.org/wrappy/-/wrappy-1.0.2.tgz",
			"integrity": "sha1-tSQ9jz7BqjXxNkYFvA0QNuMKtp8="
		}
	}
}
