{
  "name": "fantastic-cli",
  "version": "1.0.0",
  "lockfileVersion": 1,
  "requires": true,
  "dependencies": {
    "edge-cs": {
      "version": "1.2.1",
      "resolved": "https://registry.npmjs.org/edge-cs/-/edge-cs-1.2.1.tgz",
      "integrity": "sha1-vRqezblO8O1AyJRYIEZ0nlcEXlo="
    },
    "edge-js": {
      "version": "13.0.1",
      "resolved": "https://registry.npmjs.org/edge-js/-/edge-js-13.0.1.tgz",
      "integrity": "sha512-+UUA4Pjwl6v6ifSPIm8PF+CICksximnToGF8w10RCWlEC6mHhKui4iZ1IpsWpq6jyvVDYnwb+OZzGpGeVJx8wQ==",
      "requires": {
        "edge-cs": "1.2.1",
        "nan": "^2.14.0"
      }
    },
    "edge-ps": {
      "version": "0.1.0-pre",
      "resolved": "https://registry.npmjs.org/edge-ps/-/edge-ps-0.1.0-pre.tgz",
      "integrity": "sha1-vTXdmECRKikS5ELLBn0/55ztZiA="
    },
    "nan": {
      "version": "2.14.0",
      "resolved": "https://registry.npmjs.org/nan/-/nan-2.14.0.tgz",
      "integrity": "sha512-INOFj37C7k3AfaNTtX8RhsTw7qRy7eLET14cROi9+5HAVbbHuIWUHEauBv5qT4Av2tWasiTY1Jw6puUNqRJXQg=="
    }
  }
}
